
Microsoft Visual Studio Solution File, Format Version 12.00
# Visual Studio Version 17
VisualStudioVersion = 17.7.34221.43
MinimumVisualStudioVersion = 10.0.40219.1
Project("{FAE04EC0-301F-11D3-BF4B-00C04F79EFBC}") = "WorkTasks", "WorkTasks\WorkTasks.csproj", "{0309C418-490F-40FE-B09C-B7D1875FFBEB}"
EndProject
Global
	GlobalSection(SolutionConfigurationPlatforms) = preSolution
		Debug|Any CPU = Debug|Any CPU
		Release|Any CPU = Release|Any CPU
	EndGlobalSection
	GlobalSection(ProjectConfigurationPlatforms) = postSolution
		{0309C418-490F-40FE-B09C-B7D1875FFBEB}.Debug|Any CPU.ActiveCfg = Debug|Any CPU
		{0309C418-490F-40FE-B09C-B7D1875FFBEB}.Debug|Any CPU.Build.0 = Debug|Any CPU
		{0309C418-490F-40FE-B09C-B7D1875FFBEB}.Release|Any CPU.ActiveCfg = Release|Any CPU
		{0309C418-490F-40FE-B09C-B7D1875FFBEB}.Release|Any CPU.Build.0 = Release|Any CPU
	EndGlobalSection
	GlobalSection(SolutionProperties) = preSolution
		HideSolutionNode = FALSE
	EndGlobalSection
	GlobalSection(ExtensibilityGlobals) = postSolution
		SolutionGuid = {9305DC5F-39CE-4A2F-8A6C-25B7B088B2EC}
	EndGlobalSection
EndGlobal
